
Microsoft Visual Studio Solution File, Format Version 12.00
# Visual Studio Version 16
VisualStudioVersion = 16.0.32630.194
MinimumVisualStudioVersion = 10.0.40219.1
Project("{FAE04EC0-301F-11D3-BF4B-00C04F79EFBC}") = "HikUnLoader", "HikLoader\HikUnLoader.csproj", "{D866A9DB-8BA8-4B89-8099-B059D80DB60E}"
EndProject
Global
	GlobalSection(SolutionConfigurationPlatforms) = preSolution
		Debug|Any CPU = Debug|Any CPU
		Debug|x64 = Debug|x64
		Release|Any CPU = Release|Any CPU
		Release|x64 = Release|x64
	EndGlobalSection
	GlobalSection(ProjectConfigurationPlatforms) = postSolution
		{D866A9DB-8BA8-4B89-8099-B059D80DB60E}.Debug|Any CPU.ActiveCfg = Debug|Any CPU
		{D866A9DB-8BA8-4B89-8099-B059D80DB60E}.Debug|Any CPU.Build.0 = Debug|Any CPU
		{D866A9DB-8BA8-4B89-8099-B059D80DB60E}.Debug|x64.ActiveCfg = Debug|Any CPU
		{D866A9DB-8BA8-4B89-8099-B059D80DB60E}.Debug|x64.Build.0 = Debug|Any CPU
		{D866A9DB-8BA8-4B89-8099-B059D80DB60E}.Release|Any CPU.ActiveCfg = Release|Any CPU
		{D866A9DB-8BA8-4B89-8099-B059D80DB60E}.Release|Any CPU.Build.0 = Release|Any CPU
		{D866A9DB-8BA8-4B89-8099-B059D80DB60E}.Release|x64.ActiveCfg = Release|Any CPU
		{D866A9DB-8BA8-4B89-8099-B059D80DB60E}.Release|x64.Build.0 = Release|Any CPU
	EndGlobalSection
	GlobalSection(SolutionProperties) = preSolution
		HideSolutionNode = FALSE
	EndGlobalSection
	GlobalSection(ExtensibilityGlobals) = postSolution
		SolutionGuid = {35A453E0-CAC5-417C-96B7-E4B1B80E2A06}
	EndGlobalSection
EndGlobal
